{
  "version": 1,
  "dependencies": {
    "net10.0-windows10.0.19041": {
      "Microsoft.Extensions.FileProviders.Embedded": {
        "type": "Direct",
        "requested": "[10.0.11, )",
        "resolved": "10.0.11",
        "contentHash": "x1wiStyE0RsviK1jdE7a6ua7jIhA0xPXOq5YMfWCWN7RJ9D4Q70oSD9ZVEzHBvovB+f1YQFdPU4036Act442Ow==",
        "dependencies": {
          "Microsoft.Extensions.FileProviders.Abstractions": "10.0.11"
        }
      },
      "NAudio": {
        "type": "Direct",
        "requested": "[2.3.0, )",
        "resolved": "2.3.0",
        "contentHash": "xN+Lzlu9DmXqBiL6XkP0VZmgTxZPdSGjVSWtKG9HKuar3LhIYNOIYQETieigS+QDS+nrs1QmHbBWWOru0nWA5A==",
        "dependencies": {
          "NAudio.Asio": "2.3.0",
          "NAudio.Core": "2.3.0",
          "NAudio.Midi": "2.3.0",
          "NAudio.Wasapi": "2.3.0",
          "NAudio.WinForms": "2.3.0",
          "NAudio.WinMM": "2.3.0"
        }
      },
      "NuGet.Versioning": {
        "type": "Direct",
        "requested": "[7.9.0, )",
        "resolved": "7.9.0",
        "contentHash": "r4sZuVpVqwSBLe4qYDrnpScqdyctlRXg0HSF5OoCGkeBc8b+o8BBYHuI/u1RoWYX78PbieijU13TBt71/Xf3lw=="
      },
      "ObsKit.NET": {
        "type": "Direct",
        "requested": "[1.5.5, )",
        "resolved": "1.5.5",
        "contentHash": "E15XpVEngeTaL2+7J+SQZS1GR1bgPxZ0QuWZ4YvCLswpV5Mw1Eax2H6w4MBLrLyojHW72rhksdFcNdFjDilmsg=="
      },
      "Photino.NET": {
        "type": "Direct",
        "requested": "[4.0.16, )",
        "resolved": "4.0.16",
        "contentHash": "2oTFsxt8XpLlVvtChlBD8HzLw6MgfHF+DQ4aLEDfgc4GbYjumEywB1JMfWDChm2Whfkr4ZF7DV2deRrpitiBcw==",
        "dependencies": {
          "Photino.Native": "4.0.22"
        }
      },
      "Photino.NET.Server": {
        "type": "Direct",
        "requested": "[4.0.12, )",
        "resolved": "4.0.12",
        "contentHash": "m6tUz9CAOkvPWo48xnJj7HZGh8OvEQTpJ1zf96HkT4DB17R1u6xqYRWg55jH5u/HJOgYngHfMYiGcxpTNXwRGQ=="
      },
      "Serilog": {
        "type": "Direct",
        "requested": "[4.4.0, )",
        "resolved": "4.4.0",
        "contentHash": "ZC6Le3rr4TVJJjS4KsQAesxeF1EhW9qcZmmG7eP5Y2G3+gTGkJEUXkq4+tZNPtyp05I0wWOxnIjwtxFweJsObw=="
      },
      "Serilog.Sinks.Console": {
        "type": "Direct",
        "requested": "[6.1.1, )",
        "resolved": "6.1.1",
        "contentHash": "8jbqgjUyZlfCuSTaJk6lOca465OndqOz3KZP6Cryt/IqZYybyBu7GP0fE/AXBzrrQB3EBmQntBFAvMVz1COvAA==",
        "dependencies": {
          "Serilog": "4.0.0"
        }
      },
      "Serilog.Sinks.Debug": {
        "type": "Direct",
        "requested": "[3.0.0, )",
        "resolved": "3.0.0",
        "contentHash": "4BzXcdrgRX7wde9PmHuYd9U6YqycCC28hhpKonK7hx0wb19eiuRj16fPcPSVp0o/Y1ipJuNLYQ00R3q2Zs8FDA==",
        "dependencies": {
          "Serilog": "4.0.0"
        }
      },
      "Serilog.Sinks.File": {
        "type": "Direct",
        "requested": "[7.0.0, )",
        "resolved": "7.0.0",
        "contentHash": "fKL7mXv7qaiNBUC71ssvn/dU0k9t0o45+qm2XgKAlSt19xF+ijjxyA3R6HmCgfKEKwfcfkwWjayuQtRueZFkYw==",
        "dependencies": {
          "Serilog": "4.2.0"
        }
      },
      "System.Management": {
        "type": "Direct",
        "requested": "[10.0.11, )",
        "resolved": "10.0.11",
        "contentHash": "xyNn8KGbWI88LoUwg3rB8qcpFFST6dr8Ro/qS8GBu2GOwR0v7J82kVFHTiiPtvEKS79VbMTxs/sIKQ+Cq1Zs1g=="
      },
      "Velopack": {
        "type": "Direct",
        "requested": "[0.0.1589-ga2c5a97, )",
        "resolved": "0.0.1589-ga2c5a97",
        "contentHash": "PoHi9BgM+siDh0eSQUOy397fix2co66YrupZ1xtAf5RlUQNZYTaro0cGXPh+TIxwV8zHiUQ22Uh2NyAK9T3VEw=="
      },
      "Vortice.DirectX": {
        "type": "Direct",
        "requested": "[3.8.3, )",
        "resolved": "3.8.3",
        "contentHash": "nKwSavv0w5rDF7prSefqAVPDcTyqrfZxKFMVfttiXPfm62VdA/1d+b3PhCZpW4xO7jXczXDwjQdWgD1zGsvM8w==",
        "dependencies": {
          "SharpGen.Runtime": "2.4.2-beta",
          "SharpGen.Runtime.COM": "2.4.2-beta",
          "Vortice.Mathematics": "2.1.0"
        }
      },
      "Microsoft.Extensions.FileProviders.Abstractions": {
        "type": "Transitive",
        "resolved": "10.0.11",
        "contentHash": "JOjac6SQQgZmdmB8WGEw61/7siqMZoWJMkmq2p1goJGxqI59lO6oB4bOl0jNsbaPBdYy5Mlkb+6U7T4+CjnD8Q==",
        "dependencies": {
          "Microsoft.Extensions.Primitives": "10.0.11"
        }
      },
      "Microsoft.Extensions.Primitives": {
        "type": "Transitive",
        "resolved": "10.0.11",
        "contentHash": "SXcz+kF+4Oo9b1+55zntpJFYfwb1jw66ioxptyNOOTDc8g2FHnBFWjZpsWfCvZIhzr0x+4e2trVTs4OKwQfBtw=="
      },
      "NAudio.Asio": {
        "type": "Transitive",
        "resolved": "2.3.0",
        "contentHash": "I+rAAPT8vmSEw4d4ie+AoSkrvNK6ylRrXznnjQKS+qZgTA9Jnt1Pxe0EaU8nXxOOq5h8ucBSWccBEw6I/J0nkQ==",
        "dependencies": {
          "NAudio.Core": "2.3.0"
        }
      },
      "NAudio.Core": {
        "type": "Transitive",
        "resolved": "2.3.0",
        "contentHash": "jMd7r6dB6tAtXhOYL58ntPqwERNm1/Rhw5MKOIYvsnXzuX+PTGsa2VMam6n0npZYSwlSidKa4GAm4bFcXFUlcg=="
      },
      "NAudio.Midi": {
        "type": "Transitive",
        "resolved": "2.3.0",
        "contentHash": "t8wvPFPHHQOHhoNMCaDE8OiYZoJuxmY4H6UPBtmnf+xx7oQuajFCqlG4Q00ID+tiEyj471WeVb4Nkylr4tDoow==",
        "dependencies": {
          "NAudio.Core": "2.3.0"
        }
      },
      "NAudio.Wasapi": {
        "type": "Transitive",
        "resolved": "2.3.0",
        "contentHash": "y5K2BxrLnvohgu5znzg5wRsai3YcuNXfrpo68i7PmCQqpK5MC/R24e5aO3OyN/XhfRr12e0QYV0OnUWEHi5SzA==",
        "dependencies": {
          "NAudio.Core": "2.3.0"
        }
      },
      "NAudio.WinForms": {
        "type": "Transitive",
        "resolved": "2.3.0",
        "contentHash": "vyKqFUlAZrZ0QPcCM1T+zimjYgC1cNDloHaiOdtV4S1eK4AGu3Dz1EE4yy/WgcneJwQNjGFaELY7b2TsL+g56w==",
        "dependencies": {
          "NAudio.WinMM": "2.3.0"
        }
      },
      "NAudio.WinMM": {
        "type": "Transitive",
        "resolved": "2.3.0",
        "contentHash": "5G1dRjsZm50T3luyuqcmI2BSvj3K4ZJaD/x776/0Epj88qOsOryDZG40+MufwIk1UFJSFWhRobBqtJYFc8Ss4g==",
        "dependencies": {
          "NAudio.Core": "2.3.0"
        }
      },
      "Photino.Native": {
        "type": "Transitive",
        "resolved": "4.0.22",
        "contentHash": "VIHipEOe4CZ7HElZE8zTwcvANOsCZ2yak/4nQ4LXzjdlwIjdbY8htmHfNR6rRPgWlCfTfT349GCa6V6Id2/Xyg=="
      },
      "SharpGen.Runtime": {
        "type": "Transitive",
        "resolved": "2.4.2-beta",
        "contentHash": "niTtWAUov1F7wZGAlVeEvW+Tnqvg5yTmhI7rxmYu2Utoyu2TbC9tWWpUpMs0PQg5lu5svoYpCAztNjxCqMFP/w=="
      },
      "SharpGen.Runtime.COM": {
        "type": "Transitive",
        "resolved": "2.4.2-beta",
        "contentHash": "9lxDFMiepqo3lJQzMSjECCIONeCc2f3Drokgj6HtrTLZcJSftNgcLbD6/iXYj2iphkwgrZb1oLsDOZxoFZkawQ==",
        "dependencies": {
          "SharpGen.Runtime": "2.4.2-beta"
        }
      },
      "Vortice.Mathematics": {
        "type": "Transitive",
        "resolved": "2.1.0",
        "contentHash": "KK+SjNSuKdP+zbavekubi+vaeb1Jo4k87ZF6CMkVWjr6RjJwc8peVtmgzXXDIMy4ZC3ZISyk3llY3q65ISOkBQ=="
      }
    }
  }
}